PATH
  remote: .
  specs:
    kamiflex (1.0.0)
      json

GEM
  remote: https://rubygems.org/
  specs:
    drb (2.2.3)
    json (3.0.1)
    minitest (6.0.6)
      drb (~> 2.0)
      prism (~> 1.5)
    prism (1.9.0)
    rake (13.4.2)

PLATFORMS
  ruby

DEPENDENCIES
  kamiflex!
  minitest
  rake

BUNDLED WITH
  4.0.16
